
Microsoft Visual Studio Solution File, Format Version 12.00
# Visual Studio 2012
Project("{FAE04EC0-301F-11D3-BF4B-00C04F79EFBC}") = "ClassEjercicio_69", "ClassEjercicio_69\ClassEjercicio_69.csproj", "{3EE6EF7A-D8DD-4E59-A68A-1E485D33694D}"
EndProject
Global
	GlobalSection(SolutionConfigurationPlatforms) = preSolution
		Debug|Any CPU = Debug|Any CPU
		Release|Any CPU = Release|Any CPU
	EndGlobalSection
	GlobalSection(ProjectConfigurationPlatforms) = postSolution
		{3EE6EF7A-D8DD-4E59-A68A-1E485D33694D}.Debug|Any CPU.ActiveCfg = Debug|Any CPU
		{3EE6EF7A-D8DD-4E59-A68A-1E485D33694D}.Debug|Any CPU.Build.0 = Debug|Any CPU
		{3EE6EF7A-D8DD-4E59-A68A-1E485D33694D}.Release|Any CPU.ActiveCfg = Release|Any CPU
		{3EE6EF7A-D8DD-4E59-A68A-1E485D33694D}.Release|Any CPU.Build.0 = Release|Any CPU
	EndGlobalSection
	GlobalSection(SolutionProperties) = preSolution
		HideSolutionNode = FALSE
	EndGlobalSection
EndGlobal
