
Microsoft Visual Studio Solution File, Format Version 12.00
# Visual Studio 2012
Project("{FAE04EC0-301F-11D3-BF4B-00C04F79EFBC}") = "ClassEjercicio_29", "ClassEjercicio_29\ClassEjercicio_29.csproj", "{FAAFFEC8-AF3A-42CF-853E-4D1993EAB916}"
EndProject
Global
	GlobalSection(SolutionConfigurationPlatforms) = preSolution
		Debug|Any CPU = Debug|Any CPU
		Release|Any CPU = Release|Any CPU
	EndGlobalSection
	GlobalSection(ProjectConfigurationPlatforms) = postSolution
		{FAAFFEC8-AF3A-42CF-853E-4D1993EAB916}.Debug|Any CPU.ActiveCfg = Debug|Any CPU
		{FAAFFEC8-AF3A-42CF-853E-4D1993EAB916}.Debug|Any CPU.Build.0 = Debug|Any CPU
		{FAAFFEC8-AF3A-42CF-853E-4D1993EAB916}.Release|Any CPU.ActiveCfg = Release|Any CPU
		{FAAFFEC8-AF3A-42CF-853E-4D1993EAB916}.Release|Any CPU.Build.0 = Release|Any CPU
	EndGlobalSection
	GlobalSection(SolutionProperties) = preSolution
		HideSolutionNode = FALSE
	EndGlobalSection
EndGlobal
