
Microsoft Visual Studio Solution File, Format Version 12.00
# Visual Studio 2012
Project("{FAE04EC0-301F-11D3-BF4B-00C04F79EFBC}") = "ClassEjercicio_46", "ClassEjercicio_46\ClassEjercicio_46.csproj", "{A16E211A-848A-4207-BFFB-B3D49DF7BA4A}"
EndProject
Project("{FAE04EC0-301F-11D3-BF4B-00C04F79EFBC}") = "UnitTestClassEjercicio_46", "UnitTestClassEjercicio_46\UnitTestClassEjercicio_46.csproj", "{7A3DE315-687E-496D-A1E2-031DF6B8F164}"
EndProject
Global
	GlobalSection(SolutionConfigurationPlatforms) = preSolution
		Debug|Any CPU = Debug|Any CPU
		Release|Any CPU = Release|Any CPU
	EndGlobalSection
	GlobalSection(ProjectConfigurationPlatforms) = postSolution
		{A16E211A-848A-4207-BFFB-B3D49DF7BA4A}.Debug|Any CPU.ActiveCfg = Debug|Any CPU
		{A16E211A-848A-4207-BFFB-B3D49DF7BA4A}.Debug|Any CPU.Build.0 = Debug|Any CPU
		{A16E211A-848A-4207-BFFB-B3D49DF7BA4A}.Release|Any CPU.ActiveCfg = Release|Any CPU
		{A16E211A-848A-4207-BFFB-B3D49DF7BA4A}.Release|Any CPU.Build.0 = Release|Any CPU
		{7A3DE315-687E-496D-A1E2-031DF6B8F164}.Debug|Any CPU.ActiveCfg = Debug|Any CPU
		{7A3DE315-687E-496D-A1E2-031DF6B8F164}.Debug|Any CPU.Build.0 = Debug|Any CPU
		{7A3DE315-687E-496D-A1E2-031DF6B8F164}.Release|Any CPU.ActiveCfg = Release|Any CPU
		{7A3DE315-687E-496D-A1E2-031DF6B8F164}.Release|Any CPU.Build.0 = Release|Any CPU
	EndGlobalSection
	GlobalSection(SolutionProperties) = preSolution
		HideSolutionNode = FALSE
	EndGlobalSection
EndGlobal
