
Microsoft Visual Studio Solution File, Format Version 12.00
# Visual Studio 2012
Project("{FAE04EC0-301F-11D3-BF4B-00C04F79EFBC}") = "ClassEjercicio_26", "ClassEjercicio_26\ClassEjercicio_26.csproj", "{37279E68-A498-4CDC-BA63-0D744CC45252}"
EndProject
Global
	GlobalSection(SolutionConfigurationPlatforms) = preSolution
		Debug|Any CPU = Debug|Any CPU
		Release|Any CPU = Release|Any CPU
	EndGlobalSection
	GlobalSection(ProjectConfigurationPlatforms) = postSolution
		{37279E68-A498-4CDC-BA63-0D744CC45252}.Debug|Any CPU.ActiveCfg = Debug|Any CPU
		{37279E68-A498-4CDC-BA63-0D744CC45252}.Debug|Any CPU.Build.0 = Debug|Any CPU
		{37279E68-A498-4CDC-BA63-0D744CC45252}.Release|Any CPU.ActiveCfg = Release|Any CPU
		{37279E68-A498-4CDC-BA63-0D744CC45252}.Release|Any CPU.Build.0 = Release|Any CPU
	EndGlobalSection
	GlobalSection(SolutionProperties) = preSolution
		HideSolutionNode = FALSE
	EndGlobalSection
EndGlobal
