
Microsoft Visual Studio Solution File, Format Version 12.00
# Visual Studio 15
VisualStudioVersion = 15.0.27703.2047
MinimumVisualStudioVersion = 10.0.40219.1
Project("{FAE04EC0-301F-11D3-BF4B-00C04F79EFBC}") = "ClassEjercicio_01", "ClassEjercicio_01\ClassEjercicio_01.csproj", "{226023BB-6ACF-4AAD-9C1E-0EA5D3496F8D}"
EndProject
Global
	GlobalSection(SolutionConfigurationPlatforms) = preSolution
		Debug|Any CPU = Debug|Any CPU
		Release|Any CPU = Release|Any CPU
	EndGlobalSection
	GlobalSection(ProjectConfigurationPlatforms) = postSolution
		{226023BB-6ACF-4AAD-9C1E-0EA5D3496F8D}.Debug|Any CPU.ActiveCfg = Debug|Any CPU
		{226023BB-6ACF-4AAD-9C1E-0EA5D3496F8D}.Debug|Any CPU.Build.0 = Debug|Any CPU
		{226023BB-6ACF-4AAD-9C1E-0EA5D3496F8D}.Release|Any CPU.ActiveCfg = Release|Any CPU
		{226023BB-6ACF-4AAD-9C1E-0EA5D3496F8D}.Release|Any CPU.Build.0 = Release|Any CPU
	EndGlobalSection
	GlobalSection(SolutionProperties) = preSolution
		HideSolutionNode = FALSE
	EndGlobalSection
	GlobalSection(ExtensibilityGlobals) = postSolution
		SolutionGuid = {88C22B86-6C4D-4B39-AA00-3700168F9BC7}
	EndGlobalSection
EndGlobal
