
Microsoft Visual Studio Solution File, Format Version 12.00
# Visual Studio 2012
Project("{FAE04EC0-301F-11D3-BF4B-00C04F79EFBC}") = "ClassEjercicio_27", "ClassEjercicio_27\ClassEjercicio_27.csproj", "{6C54BADE-5D43-4418-AEB0-D7716EFBFA7E}"
EndProject
Global
	GlobalSection(SolutionConfigurationPlatforms) = preSolution
		Debug|Any CPU = Debug|Any CPU
		Release|Any CPU = Release|Any CPU
	EndGlobalSection
	GlobalSection(ProjectConfigurationPlatforms) = postSolution
		{6C54BADE-5D43-4418-AEB0-D7716EFBFA7E}.Debug|Any CPU.ActiveCfg = Debug|Any CPU
		{6C54BADE-5D43-4418-AEB0-D7716EFBFA7E}.Debug|Any CPU.Build.0 = Debug|Any CPU
		{6C54BADE-5D43-4418-AEB0-D7716EFBFA7E}.Release|Any CPU.ActiveCfg = Release|Any CPU
		{6C54BADE-5D43-4418-AEB0-D7716EFBFA7E}.Release|Any CPU.Build.0 = Release|Any CPU
	EndGlobalSection
	GlobalSection(SolutionProperties) = preSolution
		HideSolutionNode = FALSE
	EndGlobalSection
EndGlobal
