
Microsoft Visual Studio Solution File, Format Version 12.00
# Visual Studio 15
VisualStudioVersion = 15.0.28010.2019
MinimumVisualStudioVersion = 10.0.40219.1
Project("{FAE04EC0-301F-11D3-BF4B-00C04F79EFBC}") = "Entidades", "Entidades\Entidades.csproj", "{A9F963D8-B126-4580-9A0D-C4F6CFE0ACC2}"
EndProject
Project("{FAE04EC0-301F-11D3-BF4B-00C04F79EFBC}") = "Excepciones", "Excepciones\Excepciones.csproj", "{E73F4096-DF01-44E8-92D6-0C450875F8FF}"
EndProject
Project("{FAE04EC0-301F-11D3-BF4B-00C04F79EFBC}") = "VistaForm", "..\CascaraFinalJulio2018\VistaForm\VistaForm.csproj", "{F2338FB4-E563-4CAA-8103-82FC097098D3}"
EndProject
Global
	GlobalSection(SolutionConfigurationPlatforms) = preSolution
		Debug|Any CPU = Debug|Any CPU
		Release|Any CPU = Release|Any CPU
	EndGlobalSection
	GlobalSection(ProjectConfigurationPlatforms) = postSolution
		{A9F963D8-B126-4580-9A0D-C4F6CFE0ACC2}.Debug|Any CPU.ActiveCfg = Debug|Any CPU
		{A9F963D8-B126-4580-9A0D-C4F6CFE0ACC2}.Debug|Any CPU.Build.0 = Debug|Any CPU
		{A9F963D8-B126-4580-9A0D-C4F6CFE0ACC2}.Release|Any CPU.ActiveCfg = Release|Any CPU
		{A9F963D8-B126-4580-9A0D-C4F6CFE0ACC2}.Release|Any CPU.Build.0 = Release|Any CPU
		{E73F4096-DF01-44E8-92D6-0C450875F8FF}.Debug|Any CPU.ActiveCfg = Debug|Any CPU
		{E73F4096-DF01-44E8-92D6-0C450875F8FF}.Debug|Any CPU.Build.0 = Debug|Any CPU
		{E73F4096-DF01-44E8-92D6-0C450875F8FF}.Release|Any CPU.ActiveCfg = Release|Any CPU
		{E73F4096-DF01-44E8-92D6-0C450875F8FF}.Release|Any CPU.Build.0 = Release|Any CPU
		{F2338FB4-E563-4CAA-8103-82FC097098D3}.Debug|Any CPU.ActiveCfg = Debug|Any CPU
		{F2338FB4-E563-4CAA-8103-82FC097098D3}.Debug|Any CPU.Build.0 = Debug|Any CPU
		{F2338FB4-E563-4CAA-8103-82FC097098D3}.Release|Any CPU.ActiveCfg = Release|Any CPU
		{F2338FB4-E563-4CAA-8103-82FC097098D3}.Release|Any CPU.Build.0 = Release|Any CPU
	EndGlobalSection
	GlobalSection(SolutionProperties) = preSolution
		HideSolutionNode = FALSE
	EndGlobalSection
	GlobalSection(ExtensibilityGlobals) = postSolution
		SolutionGuid = {EA0D2619-9275-46C3-BAD0-8E5D8793D02B}
	EndGlobalSection
EndGlobal
